<?xml version="1.0" encoding="UTF-8" standalone="yes" ?>
<CodeBlocks_project_file>
	<FileVersion major="1" minor="6" />
	<Project>
		<Option title="Client" />
		<Option pch_mode="2" />
		<Option compiler="gcc" />
		<Build>
			<Target title="Debug">
				<Option output="bin/Debug/Client" prefix_auto="1" extension_auto="1" />
				<Option object_output="obj/Debug/" />
				<Option type="1" />
				<Option compiler="gcc" />
				<Compiler>
					<Add option="-g" />
				</Compiler>
			</Target>
			<Target title="Release">
				<Option output="bin/Release/Client" prefix_auto="1" extension_auto="1" />
				<Option object_output="obj/Release/" />
				<Option type="1" />
				<Option compiler="gcc" />
				<Compiler>
					<Add option="-O2" />
				</Compiler>
				<Linker>
					<Add option="-s" />
				</Linker>
			</Target>
		</Build>
		<Compiler>
			<Add option="-std=c++0x" />
			<Add option="-Wall" />
		</Compiler>
		<Linker>
			<Add option="-lsfml-system" />
			<Add option="-lsfml-window" />
			<Add option="-lsfml-graphics" />
			<Add option="-lboost_system" />
			<Add option="-lboost_thread" />
		</Linker>
		<Unit filename="client/Animation.cpp" />
		<Unit filename="client/Animation.hpp" />
		<Unit filename="client/Game.cpp" />
		<Unit filename="client/Game.hpp" />
		<Unit filename="client/GameState.hpp" />
		<Unit filename="client/Globals.cpp" />
		<Unit filename="client/Globals.hpp" />
		<Unit filename="client/Loadable.hpp" />
		<Unit filename="client/Login.cpp" />
		<Unit filename="client/Login.hpp" />
		<Unit filename="client/Main.cpp" />
		<Unit filename="client/Opcodes.cpp" />
		<Unit filename="client/Player.cpp" />
		<Unit filename="client/Player.hpp" />
		<Unit filename="client/ResourceManager.cpp" />
		<Unit filename="client/ResourceManager.hpp" />
		<Unit filename="client/Utilities.cpp" />
		<Unit filename="client/Utilities.hpp" />
		<Unit filename="client/World.cpp" />
		<Unit filename="client/World.hpp" />
		<Unit filename="client/WorldObject.cpp" />
		<Unit filename="client/WorldObject.hpp" />
		<Unit filename="client/WorldSession.cpp" />
		<Unit filename="client/WorldSession.hpp" />
		<Unit filename="shared/Config.hpp" />
		<Unit filename="shared/Defines.hpp" />
		<Unit filename="shared/Hash/SHA512.cpp" />
		<Unit filename="shared/Hash/SHA512.hpp" />
		<Unit filename="shared/Log.cpp" />
		<Unit filename="shared/Log.hpp" />
		<Unit filename="shared/Math.cpp" />
		<Unit filename="shared/Math.hpp" />
		<Unit filename="shared/Opcodes.hpp" />
		<Unit filename="shared/Utils.hpp" />
		<Unit filename="shared/WorldPacket.cpp" />
		<Unit filename="shared/WorldPacket.hpp" />
		<Extensions>
			<code_completion />
			<debugger />
		</Extensions>
	</Project>
</CodeBlocks_project_file>
