<?xml version="1.0" encoding="UTF-8" standalone="yes" ?>
<CodeBlocks_project_file>
	<FileVersion major="1" minor="6" />
	<Project>
		<Option title="Server" />
		<Option pch_mode="2" />
		<Option compiler="gcc" />
		<Build>
			<Target title="Debug">
				<Option output="bin/Debug/Server" prefix_auto="1" extension_auto="1" />
				<Option object_output="obj/Debug/" />
				<Option type="1" />
				<Option compiler="gcc" />
				<Compiler>
					<Add option="-g" />
				</Compiler>
			</Target>
			<Target title="Release">
				<Option output="bin/Release/Server" prefix_auto="1" extension_auto="1" />
				<Option object_output="obj/Release/" />
				<Option type="1" />
				<Option compiler="gcc" />
				<Compiler>
					<Add option="-O2" />
				</Compiler>
				<Linker>
					<Add option="-s" />
				</Linker>
			</Target>
		</Build>
		<Compiler>
			<Add option="-std=c++0x" />
			<Add option="-Wall" />
		</Compiler>
		<Linker>
			<Add option="-lboost_system" />
			<Add option="-lboost_thread" />
			<Add library="libmysqlcppconn.so" />
		</Linker>
		<Unit filename="server/Creature.cpp" />
		<Unit filename="server/Creature.hpp" />
		<Unit filename="server/CreatureAI.cpp" />
		<Unit filename="server/CreatureAI.hpp" />
		<Unit filename="server/CreatureAIFactory.cpp" />
		<Unit filename="server/CreatureAIFactory.hpp" />
		<Unit filename="server/Database.cpp" />
		<Unit filename="server/Database.hpp" />
		<Unit filename="server/Map.cpp" />
		<Unit filename="server/Map.hpp" />
		<Unit filename="server/ObjectMgr.cpp" />
		<Unit filename="server/ObjectMgr.hpp" />
		<Unit filename="server/Opcodes.cpp" />
		<Unit filename="server/Pathfinder.cpp" />
		<Unit filename="server/Pathfinder.hpp" />
		<Unit filename="server/Player.cpp" />
		<Unit filename="server/Player.hpp" />
		<Unit filename="server/Spell.cpp" />
		<Unit filename="server/Spell.hpp" />
		<Unit filename="server/SpellBox.cpp" />
		<Unit filename="server/SpellBox.hpp" />
		<Unit filename="server/Templates.hpp" />
		<Unit filename="server/Unit.cpp" />
		<Unit filename="server/Unit.hpp" />
		<Unit filename="server/World.cpp" />
		<Unit filename="server/World.hpp" />
		<Unit filename="server/WorldAcceptor.cpp" />
		<Unit filename="server/WorldAcceptor.hpp" />
		<Unit filename="server/WorldObject.cpp" />
		<Unit filename="server/WorldObject.hpp" />
		<Unit filename="server/WorldSession.cpp" />
		<Unit filename="server/WorldSession.hpp" />
		<Unit filename="server/main.cpp" />
		<Unit filename="shared/Config.hpp" />
		<Unit filename="shared/Defines.hpp" />
		<Unit filename="shared/Hash/SHA512.cpp" />
		<Unit filename="shared/Hash/SHA512.hpp" />
		<Unit filename="shared/Log.cpp" />
		<Unit filename="shared/Log.hpp" />
		<Unit filename="shared/Math.cpp" />
		<Unit filename="shared/Math.hpp" />
		<Unit filename="shared/Opcodes.hpp" />
		<Unit filename="shared/Rect.hpp" />
		<Unit filename="shared/Utils.hpp" />
		<Unit filename="shared/Vector2.hpp" />
		<Unit filename="shared/WorldPacket.cpp" />
		<Unit filename="shared/WorldPacket.hpp" />
		<Extensions>
			<code_completion />
			<debugger />
		</Extensions>
	</Project>
</CodeBlocks_project_file>
